Microsoft Visual Studio Solution File, Format Version 12.00
# Visual Studio 2012
Project("{FAE04EC0-301F-11D3-BF4B-00C04F79EFBC}") = "DoomClone", "DoomClone.csproj", "{EEEFEB4D-C8B9-4FAD-89F3-3D40886E7ED9}"
EndProject
Global
	GlobalSection(SolutionConfigurationPlatforms) = preSolution
	Debug|Any CPU = Debug|Any CPU
	ExportDebug|Any CPU = ExportDebug|Any CPU
	ExportRelease|Any CPU = ExportRelease|Any CPU
	EndGlobalSection
	GlobalSection(ProjectConfigurationPlatforms) = postSolution
		{EEEFEB4D-C8B9-4FAD-89F3-3D40886E7ED9}.Debug|Any CPU.ActiveCfg = Debug|Any CPU
		{EEEFEB4D-C8B9-4FAD-89F3-3D40886E7ED9}.Debug|Any CPU.Build.0 = Debug|Any CPU
		{EEEFEB4D-C8B9-4FAD-89F3-3D40886E7ED9}.ExportDebug|Any CPU.ActiveCfg = ExportDebug|Any CPU
		{EEEFEB4D-C8B9-4FAD-89F3-3D40886E7ED9}.ExportDebug|Any CPU.Build.0 = ExportDebug|Any CPU
		{EEEFEB4D-C8B9-4FAD-89F3-3D40886E7ED9}.ExportRelease|Any CPU.ActiveCfg = ExportRelease|Any CPU
		{EEEFEB4D-C8B9-4FAD-89F3-3D40886E7ED9}.ExportRelease|Any CPU.Build.0 = ExportRelease|Any CPU
	EndGlobalSection
EndGlobal
